
Microsoft Visual Studio Solution File, Format Version 12.00
# Visual Studio 15
VisualStudioVersion = 15.0.28307.572
MinimumVisualStudioVersion = 10.0.40219.1
Project("{FAE04EC0-301F-11D3-BF4B-00C04F79EFBC}") = "SocialMedia", "SocialMedia\SocialMedia.csproj", "{531B5D19-1116-4F7C-B2D9-02C66AED6B8A}"
EndProject
Project("{FAE04EC0-301F-11D3-BF4B-00C04F79EFBC}") = "DataAccessLayer", "DataAccessLayer\DataAccessLayer.csproj", "{95AC9024-E88B-4CE4-A2AD-C4A17F1647A0}"
EndProject
Global
	GlobalSection(SolutionConfigurationPlatforms) = preSolution
		Debug|Any CPU = Debug|Any CPU
		Release|Any CPU = Release|Any CPU
	EndGlobalSection
	GlobalSection(ProjectConfigurationPlatforms) = postSolution
		{531B5D19-1116-4F7C-B2D9-02C66AED6B8A}.Debug|Any CPU.ActiveCfg = Debug|Any CPU
		{531B5D19-1116-4F7C-B2D9-02C66AED6B8A}.Debug|Any CPU.Build.0 = Debug|Any CPU
		{531B5D19-1116-4F7C-B2D9-02C66AED6B8A}.Release|Any CPU.ActiveCfg = Release|Any CPU
		{531B5D19-1116-4F7C-B2D9-02C66AED6B8A}.Release|Any CPU.Build.0 = Release|Any CPU
		{95AC9024-E88B-4CE4-A2AD-C4A17F1647A0}.Debug|Any CPU.ActiveCfg = Debug|Any CPU
		{95AC9024-E88B-4CE4-A2AD-C4A17F1647A0}.Debug|Any CPU.Build.0 = Debug|Any CPU
		{95AC9024-E88B-4CE4-A2AD-C4A17F1647A0}.Release|Any CPU.ActiveCfg = Release|Any CPU
		{95AC9024-E88B-4CE4-A2AD-C4A17F1647A0}.Release|Any CPU.Build.0 = Release|Any CPU
	EndGlobalSection
	GlobalSection(SolutionProperties) = preSolution
		HideSolutionNode = FALSE
	EndGlobalSection
	GlobalSection(ExtensibilityGlobals) = postSolution
		SolutionGuid = {A6954160-71EE-4945-BCF4-F2BAD2962DBA}
	EndGlobalSection
EndGlobal
